
Microsoft Visual Studio Solution File, Format Version 12.00
# Visual Studio Version 17
VisualStudioVersion = 17.5.33414.496
MinimumVisualStudioVersion = 10.0.40219.1
Project("{FAE04EC0-301F-11D3-BF4B-00C04F79EFBC}") = "Sdiaz.SimpleChatAPI", "Sdiaz.SimpleChatAPI\Sdiaz.SimpleChatAPI.csproj", "{4ADCBB8E-9995-4336-8A9A-52790A4E12A4}"
EndProject
Project("{FAE04EC0-301F-11D3-BF4B-00C04F79EFBC}") = "Sdiaz.SimpleChat.Core", "Sdiaz.SimpleChat.Core\Sdiaz.SimpleChat.Core.csproj", "{E9A28A37-C23B-459A-8860-481EE66E21EA}"
EndProject
Project("{FAE04EC0-301F-11D3-BF4B-00C04F79EFBC}") = "Sdiaz.SimpleChat.Business", "Sdiaz.SimpleChat.Business\Sdiaz.SimpleChat.Business.csproj", "{F35035C4-2F6A-424C-BFDA-E3BFA0E64F53}"
EndProject
Project("{FAE04EC0-301F-11D3-BF4B-00C04F79EFBC}") = "Sdiaz.SimpleChat.DataRepositories", "Sdiaz.SimpleChat.DataRepositories\Sdiaz.SimpleChat.DataRepositories.csproj", "{2EAE5109-145C-48E8-BFAC-3B3BE3F96ED7}"
EndProject
Project("{FAE04EC0-301F-11D3-BF4B-00C04F79EFBC}") = "Sdiaz.SimpleChat.DependencyResolver", "Sdiaz.SimpleChat.DependencyResolver\Sdiaz.SimpleChat.DependencyResolver.csproj", "{727CD490-A52E-4A1C-986A-C516AD622E3C}"
EndProject
Global
	GlobalSection(SolutionConfigurationPlatforms) = preSolution
		Debug|Any CPU = Debug|Any CPU
		Release|Any CPU = Release|Any CPU
	EndGlobalSection
	GlobalSection(ProjectConfigurationPlatforms) = postSolution
		{4ADCBB8E-9995-4336-8A9A-52790A4E12A4}.Debug|Any CPU.ActiveCfg = Debug|Any CPU
		{4ADCBB8E-9995-4336-8A9A-52790A4E12A4}.Debug|Any CPU.Build.0 = Debug|Any CPU
		{4ADCBB8E-9995-4336-8A9A-52790A4E12A4}.Release|Any CPU.ActiveCfg = Release|Any CPU
		{4ADCBB8E-9995-4336-8A9A-52790A4E12A4}.Release|Any CPU.Build.0 = Release|Any CPU
		{E9A28A37-C23B-459A-8860-481EE66E21EA}.Debug|Any CPU.ActiveCfg = Debug|Any CPU
		{E9A28A37-C23B-459A-8860-481EE66E21EA}.Debug|Any CPU.Build.0 = Debug|Any CPU
		{E9A28A37-C23B-459A-8860-481EE66E21EA}.Release|Any CPU.ActiveCfg = Release|Any CPU
		{E9A28A37-C23B-459A-8860-481EE66E21EA}.Release|Any CPU.Build.0 = Release|Any CPU
		{F35035C4-2F6A-424C-BFDA-E3BFA0E64F53}.Debug|Any CPU.ActiveCfg = Debug|Any CPU
		{F35035C4-2F6A-424C-BFDA-E3BFA0E64F53}.Debug|Any CPU.Build.0 = Debug|Any CPU
		{F35035C4-2F6A-424C-BFDA-E3BFA0E64F53}.Release|Any CPU.ActiveCfg = Release|Any CPU
		{F35035C4-2F6A-424C-BFDA-E3BFA0E64F53}.Release|Any CPU.Build.0 = Release|Any CPU
		{2EAE5109-145C-48E8-BFAC-3B3BE3F96ED7}.Debug|Any CPU.ActiveCfg = Debug|Any CPU
		{2EAE5109-145C-48E8-BFAC-3B3BE3F96ED7}.Debug|Any CPU.Build.0 = Debug|Any CPU
		{2EAE5109-145C-48E8-BFAC-3B3BE3F96ED7}.Release|Any CPU.ActiveCfg = Release|Any CPU
		{2EAE5109-145C-48E8-BFAC-3B3BE3F96ED7}.Release|Any CPU.Build.0 = Release|Any CPU
		{727CD490-A52E-4A1C-986A-C516AD622E3C}.Debug|Any CPU.ActiveCfg = Debug|Any CPU
		{727CD490-A52E-4A1C-986A-C516AD622E3C}.Debug|Any CPU.Build.0 = Debug|Any CPU
		{727CD490-A52E-4A1C-986A-C516AD622E3C}.Release|Any CPU.ActiveCfg = Release|Any CPU
		{727CD490-A52E-4A1C-986A-C516AD622E3C}.Release|Any CPU.Build.0 = Release|Any CPU
	EndGlobalSection
	GlobalSection(SolutionProperties) = preSolution
		HideSolutionNode = FALSE
	EndGlobalSection
	GlobalSection(ExtensibilityGlobals) = postSolution
		SolutionGuid = {0540BBAF-FCA3-4F66-86D5-9B13CD133352}
	EndGlobalSection
EndGlobal
